<?xml version="1.0" encoding="utf-8"?>
<Project ToolsVersion="4.0" xmlns="http://schemas.microsoft.com/developer/msbuild/2003">
  <ItemGroup>
    <Filter Include="Deyo">
      <UniqueIdentifier>{F616847C-E24D-850D-8B3A-6B107750010F}</UniqueIdentifier>
    </Filter>
  </ItemGroup>
  <ItemGroup>
    <ClInclude Include="src\Deyo.h" />
    <ClInclude Include="src\Deyo\Application.h">
      <Filter>Deyo</Filter>
    </ClInclude>
    <ClInclude Include="src\Deyo\Core.h">
      <Filter>Deyo</Filter>
    </ClInclude>
    <ClInclude Include="src\Deyo\Entrypoint.h">
      <Filter>Deyo</Filter>
    </ClInclude>
    <ClInclude Include="src\Deyo\Log.h">
      <Filter>Deyo</Filter>
    </ClInclude>
  </ItemGroup>
  <ItemGroup>
    <ClCompile Include="src\Deyo\Application.cpp">
      <Filter>Deyo</Filter>
    </ClCompile>
    <ClCompile Include="src\Deyo\Log.cpp">
      <Filter>Deyo</Filter>
    </ClCompile>
  </ItemGroup>
</Project>